
Microsoft Visual Studio Solution File, Format Version 12.00
# Visual Studio 15
VisualStudioVersion = 15.0.34031.82
MinimumVisualStudioVersion = 10.0.40219.1
Project("{8BC9CEB8-8B4A-11D0-8D11-00A0C91BC942}") = "4.31", "4.31\4.31.vcxproj", "{DF6AD9EE-CB0F-40B1-955B-8A014FDEEC84}"
EndProject
Global
	GlobalSection(SolutionConfigurationPlatforms) = preSolution
		Debug|x64 = Debug|x64
		Debug|x86 = Debug|x86
		Release|x64 = Release|x64
		Release|x86 = Release|x86
	EndGlobalSection
	GlobalSection(ProjectConfigurationPlatforms) = postSolution
		{DF6AD9EE-CB0F-40B1-955B-8A014FDEEC84}.Debug|x64.ActiveCfg = Debug|x64
		{DF6AD9EE-CB0F-40B1-955B-8A014FDEEC84}.Debug|x64.Build.0 = Debug|x64
		{DF6AD9EE-CB0F-40B1-955B-8A014FDEEC84}.Debug|x86.ActiveCfg = Debug|Win32
		{DF6AD9EE-CB0F-40B1-955B-8A014FDEEC84}.Debug|x86.Build.0 = Debug|Win32
		{DF6AD9EE-CB0F-40B1-955B-8A014FDEEC84}.Release|x64.ActiveCfg = Release|x64
		{DF6AD9EE-CB0F-40B1-955B-8A014FDEEC84}.Release|x64.Build.0 = Release|x64
		{DF6AD9EE-CB0F-40B1-955B-8A014FDEEC84}.Release|x86.ActiveCfg = Release|Win32
		{DF6AD9EE-CB0F-40B1-955B-8A014FDEEC84}.Release|x86.Build.0 = Release|Win32
	EndGlobalSection
	GlobalSection(SolutionProperties) = preSolution
		HideSolutionNode = FALSE
	EndGlobalSection
	GlobalSection(ExtensibilityGlobals) = postSolution
		SolutionGuid = {D114D0A3-E5CE-40C0-88A4-02F5F71F64A6}
	EndGlobalSection
EndGlobal
