
Microsoft Visual Studio Solution File, Format Version 12.00
# Visual Studio 15
VisualStudioVersion = 15.0.34031.82
MinimumVisualStudioVersion = 10.0.40219.1
Project("{8BC9CEB8-8B4A-11D0-8D11-00A0C91BC942}") = "3.17", "3.17\3.17.vcxproj", "{08841E04-789E-4183-9768-C613915D86FD}"
EndProject
Global
	GlobalSection(SolutionConfigurationPlatforms) = preSolution
		Debug|x64 = Debug|x64
		Debug|x86 = Debug|x86
		Release|x64 = Release|x64
		Release|x86 = Release|x86
	EndGlobalSection
	GlobalSection(ProjectConfigurationPlatforms) = postSolution
		{08841E04-789E-4183-9768-C613915D86FD}.Debug|x64.ActiveCfg = Debug|x64
		{08841E04-789E-4183-9768-C613915D86FD}.Debug|x64.Build.0 = Debug|x64
		{08841E04-789E-4183-9768-C613915D86FD}.Debug|x86.ActiveCfg = Debug|Win32
		{08841E04-789E-4183-9768-C613915D86FD}.Debug|x86.Build.0 = Debug|Win32
		{08841E04-789E-4183-9768-C613915D86FD}.Release|x64.ActiveCfg = Release|x64
		{08841E04-789E-4183-9768-C613915D86FD}.Release|x64.Build.0 = Release|x64
		{08841E04-789E-4183-9768-C613915D86FD}.Release|x86.ActiveCfg = Release|Win32
		{08841E04-789E-4183-9768-C613915D86FD}.Release|x86.Build.0 = Release|Win32
	EndGlobalSection
	GlobalSection(SolutionProperties) = preSolution
		HideSolutionNode = FALSE
	EndGlobalSection
	GlobalSection(ExtensibilityGlobals) = postSolution
		SolutionGuid = {DD3B0D08-DE61-4547-A600-0D16A01B7F44}
	EndGlobalSection
EndGlobal
