
Microsoft Visual Studio Solution File, Format Version 12.00
# Visual Studio 15
VisualStudioVersion = 15.0.34031.82
MinimumVisualStudioVersion = 10.0.40219.1
Project("{8BC9CEB8-8B4A-11D0-8D11-00A0C91BC942}") = "3.19", "3.19\3.19.vcxproj", "{FA38AE75-4EA9-47C7-AEAE-11AD1996B113}"
EndProject
Global
	GlobalSection(SolutionConfigurationPlatforms) = preSolution
		Debug|x64 = Debug|x64
		Debug|x86 = Debug|x86
		Release|x64 = Release|x64
		Release|x86 = Release|x86
	EndGlobalSection
	GlobalSection(ProjectConfigurationPlatforms) = postSolution
		{FA38AE75-4EA9-47C7-AEAE-11AD1996B113}.Debug|x64.ActiveCfg = Debug|x64
		{FA38AE75-4EA9-47C7-AEAE-11AD1996B113}.Debug|x64.Build.0 = Debug|x64
		{FA38AE75-4EA9-47C7-AEAE-11AD1996B113}.Debug|x86.ActiveCfg = Debug|Win32
		{FA38AE75-4EA9-47C7-AEAE-11AD1996B113}.Debug|x86.Build.0 = Debug|Win32
		{FA38AE75-4EA9-47C7-AEAE-11AD1996B113}.Release|x64.ActiveCfg = Release|x64
		{FA38AE75-4EA9-47C7-AEAE-11AD1996B113}.Release|x64.Build.0 = Release|x64
		{FA38AE75-4EA9-47C7-AEAE-11AD1996B113}.Release|x86.ActiveCfg = Release|Win32
		{FA38AE75-4EA9-47C7-AEAE-11AD1996B113}.Release|x86.Build.0 = Release|Win32
	EndGlobalSection
	GlobalSection(SolutionProperties) = preSolution
		HideSolutionNode = FALSE
	EndGlobalSection
	GlobalSection(ExtensibilityGlobals) = postSolution
		SolutionGuid = {FCAC423D-F8E5-4F28-8941-D136BC55AD72}
	EndGlobalSection
EndGlobal
